
Microsoft Visual Studio Solution File, Format Version 12.00
# Visual Studio 14
VisualStudioVersion = 14.0.23107.0
MinimumVisualStudioVersion = 10.0.40219.1
Project("{FAE04EC0-301F-11D3-BF4B-00C04F79EFBC}") = "MTBStatus", "MTBStatus\MTBStatus.csproj", "{56CF7A38-2E93-4F98-B667-BACD60334D6F}"
EndProject
Project("{FAE04EC0-301F-11D3-BF4B-00C04F79EFBC}") = "MTBStatus.Tests", "MTBStatus.Tests\MTBStatus.Tests.csproj", "{6CEE8777-0D71-4FEA-9F91-885D55137FFB}"
EndProject
Global
	GlobalSection(SolutionConfigurationPlatforms) = preSolution
		Debug|Any CPU = Debug|Any CPU
		Release|Any CPU = Release|Any CPU
	EndGlobalSection
	GlobalSection(ProjectConfigurationPlatforms) = postSolution
		{56CF7A38-2E93-4F98-B667-BACD60334D6F}.Debug|Any CPU.ActiveCfg = Debug|Any CPU
		{56CF7A38-2E93-4F98-B667-BACD60334D6F}.Debug|Any CPU.Build.0 = Debug|Any CPU
		{56CF7A38-2E93-4F98-B667-BACD60334D6F}.Release|Any CPU.ActiveCfg = Release|Any CPU
		{56CF7A38-2E93-4F98-B667-BACD60334D6F}.Release|Any CPU.Build.0 = Release|Any CPU
		{6CEE8777-0D71-4FEA-9F91-885D55137FFB}.Debug|Any CPU.ActiveCfg = Debug|Any CPU
		{6CEE8777-0D71-4FEA-9F91-885D55137FFB}.Debug|Any CPU.Build.0 = Debug|Any CPU
		{6CEE8777-0D71-4FEA-9F91-885D55137FFB}.Release|Any CPU.ActiveCfg = Release|Any CPU
		{6CEE8777-0D71-4FEA-9F91-885D55137FFB}.Release|Any CPU.Build.0 = Release|Any CPU
	EndGlobalSection
	GlobalSection(SolutionProperties) = preSolution
		HideSolutionNode = FALSE
	EndGlobalSection
EndGlobal
